
Microsoft Visual Studio Solution File, Format Version 12.00
# Visual Studio Version 17
VisualStudioVersion = 17.1.32319.34
MinimumVisualStudioVersion = 10.0.40219.1
Project("{9A19103F-16F7-4668-BE54-9A1E7A4F7556}") = "ProductSpecificationAPIs", "ProductSpecificationAPIs\ProductSpecificationAPIs.csproj", "{575586BF-75CB-471E-BABB-7E7046538282}"
EndProject
Global
	GlobalSection(SolutionConfigurationPlatforms) = preSolution
		Debug|Any CPU = Debug|Any CPU
		Release|Any CPU = Release|Any CPU
	EndGlobalSection
	GlobalSection(ProjectConfigurationPlatforms) = postSolution
		{575586BF-75CB-471E-BABB-7E7046538282}.Debug|Any CPU.ActiveCfg = Debug|Any CPU
		{575586BF-75CB-471E-BABB-7E7046538282}.Debug|Any CPU.Build.0 = Debug|Any CPU
		{575586BF-75CB-471E-BABB-7E7046538282}.Release|Any CPU.ActiveCfg = Release|Any CPU
		{575586BF-75CB-471E-BABB-7E7046538282}.Release|Any CPU.Build.0 = Release|Any CPU
	EndGlobalSection
	GlobalSection(SolutionProperties) = preSolution
		HideSolutionNode = FALSE
	EndGlobalSection
	GlobalSection(ExtensibilityGlobals) = postSolution
		SolutionGuid = {40CA5872-60F3-4438-95F8-CD0DFFBBACF1}
	EndGlobalSection
EndGlobal
